
Microsoft Visual Studio Solution File, Format Version 12.00
# Visual Studio Version 17
VisualStudioVersion = 17.8.34309.116
MinimumVisualStudioVersion = 10.0.40219.1
Project("{2150E333-8FDC-42A3-9474-1A3956D46DE8}") = "Core", "Core", "{48B68EA1-6D0D-4839-A887-0044EBD7773B}"
EndProject
Project("{2150E333-8FDC-42A3-9474-1A3956D46DE8}") = "Application", "Application", "{21D09DD6-20BA-423D-99DA-58416B1C57F1}"
EndProject
Project("{2150E333-8FDC-42A3-9474-1A3956D46DE8}") = "Infrastructure", "Infrastructure", "{10B1A617-6C85-4041-8D3C-3BE32B17E756}"
EndProject
Project("{2150E333-8FDC-42A3-9474-1A3956D46DE8}") = "Presentation", "Presentation", "{556AE707-59D9-4439-9CF6-9159858427CF}"
EndProject
Project("{FAE04EC0-301F-11D3-BF4B-00C04F79EFBC}") = "Domain", "Domain\Domain.csproj", "{28EAB97D-B352-42F2-978D-3E0A669D9EC7}"
EndProject
Project("{FAE04EC0-301F-11D3-BF4B-00C04F79EFBC}") = "Services", "Services\Services.csproj", "{FD2409AE-B628-4DC5-91DE-61924A2F5C7B}"
EndProject
Project("{2150E333-8FDC-42A3-9474-1A3956D46DE8}") = "Shared", "Shared", "{1DEA633F-B9D6-43D8-90A1-580F8E9EEAC4}"
EndProject
Project("{FAE04EC0-301F-11D3-BF4B-00C04F79EFBC}") = "Common", "DTOs\Common.csproj", "{71371A4C-B6E5-460B-94B3-6883D4F07A1F}"
EndProject
Project("{FAE04EC0-301F-11D3-BF4B-00C04F79EFBC}") = "Messaging", "Messaging\Messaging.csproj", "{49A9C8D7-A0A2-46E5-B619-77BCF45F7060}"
EndProject
Project("{FAE04EC0-301F-11D3-BF4B-00C04F79EFBC}") = "Persistence", "Persistence\Persistence.csproj", "{F89BF175-EDF1-4891-B4B7-ECE71539F2A0}"
EndProject
Project("{FAE04EC0-301F-11D3-BF4B-00C04F79EFBC}") = "API", "API\API.csproj", "{2BCD2494-DBF5-4CAA-9DA8-7561C41EBCAA}"
EndProject
Global
	GlobalSection(SolutionConfigurationPlatforms) = preSolution
		Debug|Any CPU = Debug|Any CPU
		Release|Any CPU = Release|Any CPU
	EndGlobalSection
	GlobalSection(ProjectConfigurationPlatforms) = postSolution
		{28EAB97D-B352-42F2-978D-3E0A669D9EC7}.Debug|Any CPU.ActiveCfg = Debug|Any CPU
		{28EAB97D-B352-42F2-978D-3E0A669D9EC7}.Debug|Any CPU.Build.0 = Debug|Any CPU
		{28EAB97D-B352-42F2-978D-3E0A669D9EC7}.Release|Any CPU.ActiveCfg = Release|Any CPU
		{28EAB97D-B352-42F2-978D-3E0A669D9EC7}.Release|Any CPU.Build.0 = Release|Any CPU
		{FD2409AE-B628-4DC5-91DE-61924A2F5C7B}.Debug|Any CPU.ActiveCfg = Debug|Any CPU
		{FD2409AE-B628-4DC5-91DE-61924A2F5C7B}.Debug|Any CPU.Build.0 = Debug|Any CPU
		{FD2409AE-B628-4DC5-91DE-61924A2F5C7B}.Release|Any CPU.ActiveCfg = Release|Any CPU
		{FD2409AE-B628-4DC5-91DE-61924A2F5C7B}.Release|Any CPU.Build.0 = Release|Any CPU
		{71371A4C-B6E5-460B-94B3-6883D4F07A1F}.Debug|Any CPU.ActiveCfg = Debug|Any CPU
		{71371A4C-B6E5-460B-94B3-6883D4F07A1F}.Debug|Any CPU.Build.0 = Debug|Any CPU
		{71371A4C-B6E5-460B-94B3-6883D4F07A1F}.Release|Any CPU.ActiveCfg = Release|Any CPU
		{71371A4C-B6E5-460B-94B3-6883D4F07A1F}.Release|Any CPU.Build.0 = Release|Any CPU
		{49A9C8D7-A0A2-46E5-B619-77BCF45F7060}.Debug|Any CPU.ActiveCfg = Debug|Any CPU
		{49A9C8D7-A0A2-46E5-B619-77BCF45F7060}.Debug|Any CPU.Build.0 = Debug|Any CPU
		{49A9C8D7-A0A2-46E5-B619-77BCF45F7060}.Release|Any CPU.ActiveCfg = Release|Any CPU
		{49A9C8D7-A0A2-46E5-B619-77BCF45F7060}.Release|Any CPU.Build.0 = Release|Any CPU
		{F89BF175-EDF1-4891-B4B7-ECE71539F2A0}.Debug|Any CPU.ActiveCfg = Debug|Any CPU
		{F89BF175-EDF1-4891-B4B7-ECE71539F2A0}.Debug|Any CPU.Build.0 = Debug|Any CPU
		{F89BF175-EDF1-4891-B4B7-ECE71539F2A0}.Release|Any CPU.ActiveCfg = Release|Any CPU
		{F89BF175-EDF1-4891-B4B7-ECE71539F2A0}.Release|Any CPU.Build.0 = Release|Any CPU
		{2BCD2494-DBF5-4CAA-9DA8-7561C41EBCAA}.Debug|Any CPU.ActiveCfg = Debug|Any CPU
		{2BCD2494-DBF5-4CAA-9DA8-7561C41EBCAA}.Debug|Any CPU.Build.0 = Debug|Any CPU
		{2BCD2494-DBF5-4CAA-9DA8-7561C41EBCAA}.Release|Any CPU.ActiveCfg = Release|Any CPU
		{2BCD2494-DBF5-4CAA-9DA8-7561C41EBCAA}.Release|Any CPU.Build.0 = Release|Any CPU
	EndGlobalSection
	GlobalSection(SolutionProperties) = preSolution
		HideSolutionNode = FALSE
	EndGlobalSection
	GlobalSection(NestedProjects) = preSolution
		{28EAB97D-B352-42F2-978D-3E0A669D9EC7} = {48B68EA1-6D0D-4839-A887-0044EBD7773B}
		{FD2409AE-B628-4DC5-91DE-61924A2F5C7B} = {21D09DD6-20BA-423D-99DA-58416B1C57F1}
		{71371A4C-B6E5-460B-94B3-6883D4F07A1F} = {1DEA633F-B9D6-43D8-90A1-580F8E9EEAC4}
		{49A9C8D7-A0A2-46E5-B619-77BCF45F7060} = {10B1A617-6C85-4041-8D3C-3BE32B17E756}
		{F89BF175-EDF1-4891-B4B7-ECE71539F2A0} = {10B1A617-6C85-4041-8D3C-3BE32B17E756}
		{2BCD2494-DBF5-4CAA-9DA8-7561C41EBCAA} = {556AE707-59D9-4439-9CF6-9159858427CF}
	EndGlobalSection
	GlobalSection(ExtensibilityGlobals) = postSolution
		SolutionGuid = {0DECA9A6-2335-4BA2-99FE-BB75EEF91D30}
	EndGlobalSection
EndGlobal
